
Microsoft Visual Studio Solution File, Format Version 12.00
# Visual Studio 15
VisualStudioVersion = 15.0.27004.2006
MinimumVisualStudioVersion = 10.0.40219.1
Project("{FAE04EC0-301F-11D3-BF4B-00C04F79EFBC}") = "2016Day12_1", "2016Day12_1\2016Day12_1.csproj", "{76356B86-4D57-41B8-BCD3-D800643F9ECB}"
EndProject
Global
	GlobalSection(SolutionConfigurationPlatforms) = preSolution
		Debug|Any CPU = Debug|Any CPU
		Release|Any CPU = Release|Any CPU
	EndGlobalSection
	GlobalSection(ProjectConfigurationPlatforms) = postSolution
		{76356B86-4D57-41B8-BCD3-D800643F9ECB}.Debug|Any CPU.ActiveCfg = Debug|Any CPU
		{76356B86-4D57-41B8-BCD3-D800643F9ECB}.Debug|Any CPU.Build.0 = Debug|Any CPU
		{76356B86-4D57-41B8-BCD3-D800643F9ECB}.Release|Any CPU.ActiveCfg = Release|Any CPU
		{76356B86-4D57-41B8-BCD3-D800643F9ECB}.Release|Any CPU.Build.0 = Release|Any CPU
	EndGlobalSection
	GlobalSection(SolutionProperties) = preSolution
		HideSolutionNode = FALSE
	EndGlobalSection
	GlobalSection(ExtensibilityGlobals) = postSolution
		SolutionGuid = {279B39CE-72B4-4F80-9E41-1CD1B8FA1110}
	EndGlobalSection
EndGlobal
